
Microsoft Visual Studio Solution File, Format Version 12.00
# Visual Studio Version 17
Project("{2150E333-8FDC-42A3-9474-1A3956D46DE8}") = "CMake", "CMake", "{C76A30A0-5869-36E3-B483-29279B5B01D8}"
EndProject
Project("{2150E333-8FDC-42A3-9474-1A3956D46DE8}") = "SFML", "SFML", "{CEFBDD7F-89D6-3182-B2B2-C14C1714C5A3}"
EndProject
Project("{8BC9CEB8-8B4A-11D0-8D11-00A0C91BC942}") = "ALL_BUILD", "ALL_BUILD.vcxproj", "{D27FE141-C118-39AD-A13A-15EA2891A828}"
	ProjectSection(ProjectDependencies) = postProject
		{312623D4-E557-3482-9C0F-963F7AAAB5FA} = {312623D4-E557-3482-9C0F-963F7AAAB5FA}
		{84245031-3309-335D-969A-F527C22C1A2E} = {84245031-3309-335D-969A-F527C22C1A2E}
		{48EDAE28-3E56-3639-99C7-22B63335E897} = {48EDAE28-3E56-3639-99C7-22B63335E897}
		{DFEC02D3-5546-3782-BF82-7CE69099327E} = {DFEC02D3-5546-3782-BF82-7CE69099327E}
		{DDE6FC14-2D80-39A6-8EE0-6E67D64AAE84} = {DDE6FC14-2D80-39A6-8EE0-6E67D64AAE84}
		{CBF0BFA2-8851-3C6A-858D-B6453A6EC5DD} = {CBF0BFA2-8851-3C6A-858D-B6453A6EC5DD}
		{116552B4-7891-3B5D-938D-4BED1916D05E} = {116552B4-7891-3B5D-938D-4BED1916D05E}
		{27A86935-8AA5-3956-8930-138B6D906594} = {27A86935-8AA5-3956-8930-138B6D906594}
		{FCDFB3A7-B5CD-3E1D-93DC-CB9FAA7A87E4} = {FCDFB3A7-B5CD-3E1D-93DC-CB9FAA7A87E4}
		{0E763492-B403-306F-A7A8-0B6F65241369} = {0E763492-B403-306F-A7A8-0B6F65241369}
	EndProjectSection
EndProject
Project("{8BC9CEB8-8B4A-11D0-8D11-00A0C91BC942}") = "2_INVADERS", "2_INVADERS.vcxproj", "{312623D4-E557-3482-9C0F-963F7AAAB5FA}"
	ProjectSection(ProjectDependencies) = postProject
		{48EDAE28-3E56-3639-99C7-22B63335E897} = {48EDAE28-3E56-3639-99C7-22B63335E897}
		{DFEC02D3-5546-3782-BF82-7CE69099327E} = {DFEC02D3-5546-3782-BF82-7CE69099327E}
		{DDE6FC14-2D80-39A6-8EE0-6E67D64AAE84} = {DDE6FC14-2D80-39A6-8EE0-6E67D64AAE84}
		{CBF0BFA2-8851-3C6A-858D-B6453A6EC5DD} = {CBF0BFA2-8851-3C6A-858D-B6453A6EC5DD}
		{116552B4-7891-3B5D-938D-4BED1916D05E} = {116552B4-7891-3B5D-938D-4BED1916D05E}
		{FCDFB3A7-B5CD-3E1D-93DC-CB9FAA7A87E4} = {FCDFB3A7-B5CD-3E1D-93DC-CB9FAA7A87E4}
		{0E763492-B403-306F-A7A8-0B6F65241369} = {0E763492-B403-306F-A7A8-0B6F65241369}
	EndProjectSection
EndProject
Project("{8BC9CEB8-8B4A-11D0-8D11-00A0C91BC942}") = "INSTALL", "INSTALL.vcxproj", "{79F31349-A33D-34BE-B01D-6306EC9E519B}"
	ProjectSection(ProjectDependencies) = postProject
		{D27FE141-C118-39AD-A13A-15EA2891A828} = {D27FE141-C118-39AD-A13A-15EA2891A828}
		{48EDAE28-3E56-3639-99C7-22B63335E897} = {48EDAE28-3E56-3639-99C7-22B63335E897}
	EndProjectSection
EndProject
Project("{8BC9CEB8-8B4A-11D0-8D11-00A0C91BC942}") = "PACKAGE", "PACKAGE.vcxproj", "{0428F760-BB61-3A85-A9D2-116A45665D0F}"
	ProjectSection(ProjectDependencies) = postProject
		{D27FE141-C118-39AD-A13A-15EA2891A828} = {D27FE141-C118-39AD-A13A-15EA2891A828}
		{48EDAE28-3E56-3639-99C7-22B63335E897} = {48EDAE28-3E56-3639-99C7-22B63335E897}
	EndProjectSection
EndProject
Project("{8BC9CEB8-8B4A-11D0-8D11-00A0C91BC942}") = "PRACTICAL_1", "PRACTICAL_1.vcxproj", "{84245031-3309-335D-969A-F527C22C1A2E}"
	ProjectSection(ProjectDependencies) = postProject
		{48EDAE28-3E56-3639-99C7-22B63335E897} = {48EDAE28-3E56-3639-99C7-22B63335E897}
		{DFEC02D3-5546-3782-BF82-7CE69099327E} = {DFEC02D3-5546-3782-BF82-7CE69099327E}
		{DDE6FC14-2D80-39A6-8EE0-6E67D64AAE84} = {DDE6FC14-2D80-39A6-8EE0-6E67D64AAE84}
		{CBF0BFA2-8851-3C6A-858D-B6453A6EC5DD} = {CBF0BFA2-8851-3C6A-858D-B6453A6EC5DD}
		{116552B4-7891-3B5D-938D-4BED1916D05E} = {116552B4-7891-3B5D-938D-4BED1916D05E}
		{FCDFB3A7-B5CD-3E1D-93DC-CB9FAA7A87E4} = {FCDFB3A7-B5CD-3E1D-93DC-CB9FAA7A87E4}
		{0E763492-B403-306F-A7A8-0B6F65241369} = {0E763492-B403-306F-A7A8-0B6F65241369}
	EndProjectSection
EndProject
Project("{8BC9CEB8-8B4A-11D0-8D11-00A0C91BC942}") = "ZERO_CHECK", "ZERO_CHECK.vcxproj", "{48EDAE28-3E56-3639-99C7-22B63335E897}"
	ProjectSection(ProjectDependencies) = postProject
	EndProjectSection
EndProject
Project("{8BC9CEB8-8B4A-11D0-8D11-00A0C91BC942}") = "copy_resources", "copy_resources.vcxproj", "{DFEC02D3-5546-3782-BF82-7CE69099327E}"
	ProjectSection(ProjectDependencies) = postProject
		{48EDAE28-3E56-3639-99C7-22B63335E897} = {48EDAE28-3E56-3639-99C7-22B63335E897}
	EndProjectSection
EndProject
Project("{8BC9CEB8-8B4A-11D0-8D11-00A0C91BC942}") = "sfml-audio", "lib\sfml\src\SFML\Audio\sfml-audio.vcxproj", "{DDE6FC14-2D80-39A6-8EE0-6E67D64AAE84}"
	ProjectSection(ProjectDependencies) = postProject
		{48EDAE28-3E56-3639-99C7-22B63335E897} = {48EDAE28-3E56-3639-99C7-22B63335E897}
		{FCDFB3A7-B5CD-3E1D-93DC-CB9FAA7A87E4} = {FCDFB3A7-B5CD-3E1D-93DC-CB9FAA7A87E4}
	EndProjectSection
EndProject
Project("{8BC9CEB8-8B4A-11D0-8D11-00A0C91BC942}") = "sfml-graphics", "lib\sfml\src\SFML\Graphics\sfml-graphics.vcxproj", "{CBF0BFA2-8851-3C6A-858D-B6453A6EC5DD}"
	ProjectSection(ProjectDependencies) = postProject
		{48EDAE28-3E56-3639-99C7-22B63335E897} = {48EDAE28-3E56-3639-99C7-22B63335E897}
		{FCDFB3A7-B5CD-3E1D-93DC-CB9FAA7A87E4} = {FCDFB3A7-B5CD-3E1D-93DC-CB9FAA7A87E4}
		{0E763492-B403-306F-A7A8-0B6F65241369} = {0E763492-B403-306F-A7A8-0B6F65241369}
	EndProjectSection
EndProject
Project("{8BC9CEB8-8B4A-11D0-8D11-00A0C91BC942}") = "sfml-main", "lib\sfml\src\SFML\Main\sfml-main.vcxproj", "{116552B4-7891-3B5D-938D-4BED1916D05E}"
	ProjectSection(ProjectDependencies) = postProject
		{48EDAE28-3E56-3639-99C7-22B63335E897} = {48EDAE28-3E56-3639-99C7-22B63335E897}
	EndProjectSection
EndProject
Project("{8BC9CEB8-8B4A-11D0-8D11-00A0C91BC942}") = "sfml-network", "lib\sfml\src\SFML\Network\sfml-network.vcxproj", "{27A86935-8AA5-3956-8930-138B6D906594}"
	ProjectSection(ProjectDependencies) = postProject
		{48EDAE28-3E56-3639-99C7-22B63335E897} = {48EDAE28-3E56-3639-99C7-22B63335E897}
		{FCDFB3A7-B5CD-3E1D-93DC-CB9FAA7A87E4} = {FCDFB3A7-B5CD-3E1D-93DC-CB9FAA7A87E4}
	EndProjectSection
EndProject
Project("{8BC9CEB8-8B4A-11D0-8D11-00A0C91BC942}") = "sfml-system", "lib\sfml\src\SFML\System\sfml-system.vcxproj", "{FCDFB3A7-B5CD-3E1D-93DC-CB9FAA7A87E4}"
	ProjectSection(ProjectDependencies) = postProject
		{48EDAE28-3E56-3639-99C7-22B63335E897} = {48EDAE28-3E56-3639-99C7-22B63335E897}
	EndProjectSection
EndProject
Project("{8BC9CEB8-8B4A-11D0-8D11-00A0C91BC942}") = "sfml-window", "lib\sfml\src\SFML\Window\sfml-window.vcxproj", "{0E763492-B403-306F-A7A8-0B6F65241369}"
	ProjectSection(ProjectDependencies) = postProject
		{48EDAE28-3E56-3639-99C7-22B63335E897} = {48EDAE28-3E56-3639-99C7-22B63335E897}
		{FCDFB3A7-B5CD-3E1D-93DC-CB9FAA7A87E4} = {FCDFB3A7-B5CD-3E1D-93DC-CB9FAA7A87E4}
	EndProjectSection
EndProject
Global
	GlobalSection(SolutionConfigurationPlatforms) = preSolution
		Debug|x64 = Debug|x64
		Release|x64 = Release|x64
		MinSizeRel|x64 = MinSizeRel|x64
		RelWithDebInfo|x64 = RelWithDebInfo|x64
	EndGlobalSection
	GlobalSection(ProjectConfigurationPlatforms) = postSolution
		{D27FE141-C118-39AD-A13A-15EA2891A828}.Debug|x64.ActiveCfg = Debug|x64
		{D27FE141-C118-39AD-A13A-15EA2891A828}.Debug|x64.Build.0 = Debug|x64
		{D27FE141-C118-39AD-A13A-15EA2891A828}.Release|x64.ActiveCfg = Release|x64
		{D27FE141-C118-39AD-A13A-15EA2891A828}.Release|x64.Build.0 = Release|x64
		{D27FE141-C118-39AD-A13A-15EA2891A828}.MinSizeRel|x64.ActiveCfg = MinSizeRel|x64
		{D27FE141-C118-39AD-A13A-15EA2891A828}.MinSizeRel|x64.Build.0 = MinSizeRel|x64
		{D27FE141-C118-39AD-A13A-15EA2891A828}.RelWithDebInfo|x64.ActiveCfg = RelWithDebInfo|x64
		{D27FE141-C118-39AD-A13A-15EA2891A828}.RelWithDebInfo|x64.Build.0 = RelWithDebInfo|x64
		{312623D4-E557-3482-9C0F-963F7AAAB5FA}.Debug|x64.ActiveCfg = Debug|x64
		{312623D4-E557-3482-9C0F-963F7AAAB5FA}.Debug|x64.Build.0 = Debug|x64
		{312623D4-E557-3482-9C0F-963F7AAAB5FA}.Release|x64.ActiveCfg = Release|x64
		{312623D4-E557-3482-9C0F-963F7AAAB5FA}.Release|x64.Build.0 = Release|x64
		{312623D4-E557-3482-9C0F-963F7AAAB5FA}.MinSizeRel|x64.ActiveCfg = MinSizeRel|x64
		{312623D4-E557-3482-9C0F-963F7AAAB5FA}.MinSizeRel|x64.Build.0 = MinSizeRel|x64
		{312623D4-E557-3482-9C0F-963F7AAAB5FA}.RelWithDebInfo|x64.ActiveCfg = RelWithDebInfo|x64
		{312623D4-E557-3482-9C0F-963F7AAAB5FA}.RelWithDebInfo|x64.Build.0 = RelWithDebInfo|x64
		{79F31349-A33D-34BE-B01D-6306EC9E519B}.Debug|x64.ActiveCfg = Debug|x64
		{79F31349-A33D-34BE-B01D-6306EC9E519B}.Release|x64.ActiveCfg = Release|x64
		{79F31349-A33D-34BE-B01D-6306EC9E519B}.MinSizeRel|x64.ActiveCfg = MinSizeRel|x64
		{79F31349-A33D-34BE-B01D-6306EC9E519B}.RelWithDebInfo|x64.ActiveCfg = RelWithDebInfo|x64
		{0428F760-BB61-3A85-A9D2-116A45665D0F}.Debug|x64.ActiveCfg = Debug|x64
		{0428F760-BB61-3A85-A9D2-116A45665D0F}.Release|x64.ActiveCfg = Release|x64
		{0428F760-BB61-3A85-A9D2-116A45665D0F}.MinSizeRel|x64.ActiveCfg = MinSizeRel|x64
		{0428F760-BB61-3A85-A9D2-116A45665D0F}.RelWithDebInfo|x64.ActiveCfg = RelWithDebInfo|x64
		{84245031-3309-335D-969A-F527C22C1A2E}.Debug|x64.ActiveCfg = Debug|x64
		{84245031-3309-335D-969A-F527C22C1A2E}.Debug|x64.Build.0 = Debug|x64
		{84245031-3309-335D-969A-F527C22C1A2E}.Release|x64.ActiveCfg = Release|x64
		{84245031-3309-335D-969A-F527C22C1A2E}.Release|x64.Build.0 = Release|x64
		{84245031-3309-335D-969A-F527C22C1A2E}.MinSizeRel|x64.ActiveCfg = MinSizeRel|x64
		{84245031-3309-335D-969A-F527C22C1A2E}.MinSizeRel|x64.Build.0 = MinSizeRel|x64
		{84245031-3309-335D-969A-F527C22C1A2E}.RelWithDebInfo|x64.ActiveCfg = RelWithDebInfo|x64
		{84245031-3309-335D-969A-F527C22C1A2E}.RelWithDebInfo|x64.Build.0 = RelWithDebInfo|x64
		{48EDAE28-3E56-3639-99C7-22B63335E897}.Debug|x64.ActiveCfg = Debug|x64
		{48EDAE28-3E56-3639-99C7-22B63335E897}.Debug|x64.Build.0 = Debug|x64
		{48EDAE28-3E56-3639-99C7-22B63335E897}.Release|x64.ActiveCfg = Release|x64
		{48EDAE28-3E56-3639-99C7-22B63335E897}.Release|x64.Build.0 = Release|x64
		{48EDAE28-3E56-3639-99C7-22B63335E897}.MinSizeRel|x64.ActiveCfg = MinSizeRel|x64
		{48EDAE28-3E56-3639-99C7-22B63335E897}.MinSizeRel|x64.Build.0 = MinSizeRel|x64
		{48EDAE28-3E56-3639-99C7-22B63335E897}.RelWithDebInfo|x64.ActiveCfg = RelWithDebInfo|x64
		{48EDAE28-3E56-3639-99C7-22B63335E897}.RelWithDebInfo|x64.Build.0 = RelWithDebInfo|x64
		{DFEC02D3-5546-3782-BF82-7CE69099327E}.Debug|x64.ActiveCfg = Debug|x64
		{DFEC02D3-5546-3782-BF82-7CE69099327E}.Debug|x64.Build.0 = Debug|x64
		{DFEC02D3-5546-3782-BF82-7CE69099327E}.Release|x64.ActiveCfg = Release|x64
		{DFEC02D3-5546-3782-BF82-7CE69099327E}.Release|x64.Build.0 = Release|x64
		{DFEC02D3-5546-3782-BF82-7CE69099327E}.MinSizeRel|x64.ActiveCfg = MinSizeRel|x64
		{DFEC02D3-5546-3782-BF82-7CE69099327E}.MinSizeRel|x64.Build.0 = MinSizeRel|x64
		{DFEC02D3-5546-3782-BF82-7CE69099327E}.RelWithDebInfo|x64.ActiveCfg = RelWithDebInfo|x64
		{DFEC02D3-5546-3782-BF82-7CE69099327E}.RelWithDebInfo|x64.Build.0 = RelWithDebInfo|x64
		{DDE6FC14-2D80-39A6-8EE0-6E67D64AAE84}.Debug|x64.ActiveCfg = Debug|x64
		{DDE6FC14-2D80-39A6-8EE0-6E67D64AAE84}.Debug|x64.Build.0 = Debug|x64
		{DDE6FC14-2D80-39A6-8EE0-6E67D64AAE84}.Release|x64.ActiveCfg = Release|x64
		{DDE6FC14-2D80-39A6-8EE0-6E67D64AAE84}.Release|x64.Build.0 = Release|x64
		{DDE6FC14-2D80-39A6-8EE0-6E67D64AAE84}.MinSizeRel|x64.ActiveCfg = MinSizeRel|x64
		{DDE6FC14-2D80-39A6-8EE0-6E67D64AAE84}.MinSizeRel|x64.Build.0 = MinSizeRel|x64
		{DDE6FC14-2D80-39A6-8EE0-6E67D64AAE84}.RelWithDebInfo|x64.ActiveCfg = RelWithDebInfo|x64
		{DDE6FC14-2D80-39A6-8EE0-6E67D64AAE84}.RelWithDebInfo|x64.Build.0 = RelWithDebInfo|x64
		{CBF0BFA2-8851-3C6A-858D-B6453A6EC5DD}.Debug|x64.ActiveCfg = Debug|x64
		{CBF0BFA2-8851-3C6A-858D-B6453A6EC5DD}.Debug|x64.Build.0 = Debug|x64
		{CBF0BFA2-8851-3C6A-858D-B6453A6EC5DD}.Release|x64.ActiveCfg = Release|x64
		{CBF0BFA2-8851-3C6A-858D-B6453A6EC5DD}.Release|x64.Build.0 = Release|x64
		{CBF0BFA2-8851-3C6A-858D-B6453A6EC5DD}.MinSizeRel|x64.ActiveCfg = MinSizeRel|x64
		{CBF0BFA2-8851-3C6A-858D-B6453A6EC5DD}.MinSizeRel|x64.Build.0 = MinSizeRel|x64
		{CBF0BFA2-8851-3C6A-858D-B6453A6EC5DD}.RelWithDebInfo|x64.ActiveCfg = RelWithDebInfo|x64
		{CBF0BFA2-8851-3C6A-858D-B6453A6EC5DD}.RelWithDebInfo|x64.Build.0 = RelWithDebInfo|x64
		{116552B4-7891-3B5D-938D-4BED1916D05E}.Debug|x64.ActiveCfg = Debug|x64
		{116552B4-7891-3B5D-938D-4BED1916D05E}.Debug|x64.Build.0 = Debug|x64
		{116552B4-7891-3B5D-938D-4BED1916D05E}.Release|x64.ActiveCfg = Release|x64
		{116552B4-7891-3B5D-938D-4BED1916D05E}.Release|x64.Build.0 = Release|x64
		{116552B4-7891-3B5D-938D-4BED1916D05E}.MinSizeRel|x64.ActiveCfg = MinSizeRel|x64
		{116552B4-7891-3B5D-938D-4BED1916D05E}.MinSizeRel|x64.Build.0 = MinSizeRel|x64
		{116552B4-7891-3B5D-938D-4BED1916D05E}.RelWithDebInfo|x64.ActiveCfg = RelWithDebInfo|x64
		{116552B4-7891-3B5D-938D-4BED1916D05E}.RelWithDebInfo|x64.Build.0 = RelWithDebInfo|x64
		{27A86935-8AA5-3956-8930-138B6D906594}.Debug|x64.ActiveCfg = Debug|x64
		{27A86935-8AA5-3956-8930-138B6D906594}.Debug|x64.Build.0 = Debug|x64
		{27A86935-8AA5-3956-8930-138B6D906594}.Release|x64.ActiveCfg = Release|x64
		{27A86935-8AA5-3956-8930-138B6D906594}.Release|x64.Build.0 = Release|x64
		{27A86935-8AA5-3956-8930-138B6D906594}.MinSizeRel|x64.ActiveCfg = MinSizeRel|x64
		{27A86935-8AA5-3956-8930-138B6D906594}.MinSizeRel|x64.Build.0 = MinSizeRel|x64
		{27A86935-8AA5-3956-8930-138B6D906594}.RelWithDebInfo|x64.ActiveCfg = RelWithDebInfo|x64
		{27A86935-8AA5-3956-8930-138B6D906594}.RelWithDebInfo|x64.Build.0 = RelWithDebInfo|x64
		{FCDFB3A7-B5CD-3E1D-93DC-CB9FAA7A87E4}.Debug|x64.ActiveCfg = Debug|x64
		{FCDFB3A7-B5CD-3E1D-93DC-CB9FAA7A87E4}.Debug|x64.Build.0 = Debug|x64
		{FCDFB3A7-B5CD-3E1D-93DC-CB9FAA7A87E4}.Release|x64.ActiveCfg = Release|x64
		{FCDFB3A7-B5CD-3E1D-93DC-CB9FAA7A87E4}.Release|x64.Build.0 = Release|x64
		{FCDFB3A7-B5CD-3E1D-93DC-CB9FAA7A87E4}.MinSizeRel|x64.ActiveCfg = MinSizeRel|x64
		{FCDFB3A7-B5CD-3E1D-93DC-CB9FAA7A87E4}.MinSizeRel|x64.Build.0 = MinSizeRel|x64
		{FCDFB3A7-B5CD-3E1D-93DC-CB9FAA7A87E4}.RelWithDebInfo|x64.ActiveCfg = RelWithDebInfo|x64
		{FCDFB3A7-B5CD-3E1D-93DC-CB9FAA7A87E4}.RelWithDebInfo|x64.Build.0 = RelWithDebInfo|x64
		{0E763492-B403-306F-A7A8-0B6F65241369}.Debug|x64.ActiveCfg = Debug|x64
		{0E763492-B403-306F-A7A8-0B6F65241369}.Debug|x64.Build.0 = Debug|x64
		{0E763492-B403-306F-A7A8-0B6F65241369}.Release|x64.ActiveCfg = Release|x64
		{0E763492-B403-306F-A7A8-0B6F65241369}.Release|x64.Build.0 = Release|x64
		{0E763492-B403-306F-A7A8-0B6F65241369}.MinSizeRel|x64.ActiveCfg = MinSizeRel|x64
		{0E763492-B403-306F-A7A8-0B6F65241369}.MinSizeRel|x64.Build.0 = MinSizeRel|x64
		{0E763492-B403-306F-A7A8-0B6F65241369}.RelWithDebInfo|x64.ActiveCfg = RelWithDebInfo|x64
		{0E763492-B403-306F-A7A8-0B6F65241369}.RelWithDebInfo|x64.Build.0 = RelWithDebInfo|x64
	EndGlobalSection
	GlobalSection(NestedProjects) = preSolution
		{D27FE141-C118-39AD-A13A-15EA2891A828} = {C76A30A0-5869-36E3-B483-29279B5B01D8}
		{79F31349-A33D-34BE-B01D-6306EC9E519B} = {C76A30A0-5869-36E3-B483-29279B5B01D8}
		{0428F760-BB61-3A85-A9D2-116A45665D0F} = {C76A30A0-5869-36E3-B483-29279B5B01D8}
		{48EDAE28-3E56-3639-99C7-22B63335E897} = {C76A30A0-5869-36E3-B483-29279B5B01D8}
		{DDE6FC14-2D80-39A6-8EE0-6E67D64AAE84} = {CEFBDD7F-89D6-3182-B2B2-C14C1714C5A3}
		{CBF0BFA2-8851-3C6A-858D-B6453A6EC5DD} = {CEFBDD7F-89D6-3182-B2B2-C14C1714C5A3}
		{116552B4-7891-3B5D-938D-4BED1916D05E} = {CEFBDD7F-89D6-3182-B2B2-C14C1714C5A3}
		{27A86935-8AA5-3956-8930-138B6D906594} = {CEFBDD7F-89D6-3182-B2B2-C14C1714C5A3}
		{FCDFB3A7-B5CD-3E1D-93DC-CB9FAA7A87E4} = {CEFBDD7F-89D6-3182-B2B2-C14C1714C5A3}
		{0E763492-B403-306F-A7A8-0B6F65241369} = {CEFBDD7F-89D6-3182-B2B2-C14C1714C5A3}
	EndGlobalSection
	GlobalSection(ExtensibilityGlobals) = postSolution
		SolutionGuid = {39913C07-542A-3AB8-9555-4032ADE61921}
	EndGlobalSection
	GlobalSection(ExtensibilityAddIns) = postSolution
	EndGlobalSection
EndGlobal
